
Microsoft Visual Studio Solution File, Format Version 12.00
# Visual Studio Version 16
VisualStudioVersion = 16.0.31019.35
MinimumVisualStudioVersion = 10.0.40219.1
Project("{FAE04EC0-301F-11D3-BF4B-00C04F79EFBC}") = "DeclararUsarVariaveis", "DeclararUsarVariaveis\DeclararUsarVariaveis.csproj", "{8EB0E4DC-66A8-42C8-8409-5689431F11D0}"
EndProject
Global
	GlobalSection(SolutionConfigurationPlatforms) = preSolution
		Debug|Any CPU = Debug|Any CPU
		Release|Any CPU = Release|Any CPU
	EndGlobalSection
	GlobalSection(ProjectConfigurationPlatforms) = postSolution
		{8EB0E4DC-66A8-42C8-8409-5689431F11D0}.Debug|Any CPU.ActiveCfg = Debug|Any CPU
		{8EB0E4DC-66A8-42C8-8409-5689431F11D0}.Debug|Any CPU.Build.0 = Debug|Any CPU
		{8EB0E4DC-66A8-42C8-8409-5689431F11D0}.Release|Any CPU.ActiveCfg = Release|Any CPU
		{8EB0E4DC-66A8-42C8-8409-5689431F11D0}.Release|Any CPU.Build.0 = Release|Any CPU
	EndGlobalSection
	GlobalSection(SolutionProperties) = preSolution
		HideSolutionNode = FALSE
	EndGlobalSection
	GlobalSection(ExtensibilityGlobals) = postSolution
		SolutionGuid = {2C600F1E-75F7-4DE5-8ACA-4FFEEC903306}
	EndGlobalSection
EndGlobal
